
Microsoft Visual Studio Solution File, Format Version 12.00
# Visual Studio 14
VisualStudioVersion = 14.0.23107.0
MinimumVisualStudioVersion = 10.0.40219.1
Project("{FAE04EC0-301F-11D3-BF4B-00C04F79EFBC}") = "S3WebConsole", "S3WebConsole\S3WebConsole.csproj", "{0A12952D-DEE4-4282-9D9B-BF86068E73AE}"
EndProject
Project("{FAE04EC0-301F-11D3-BF4B-00C04F79EFBC}") = "Engine", "Engine\Engine.csproj", "{514C07F8-6350-40E0-93D6-5AA4BEB4EA3A}"
EndProject
Project("{FAE04EC0-301F-11D3-BF4B-00C04F79EFBC}") = "S3Console", "S3Console\S3Console.csproj", "{3B5A9279-AFB0-4D49-9B5C-7AD10A9ACBB9}"
EndProject
Project("{2150E333-8FDC-42A3-9474-1A3956D46DE8}") = "Resources", "Resources", "{0894BFF5-3358-496A-9164-A7C3B1EFDAD6}"
EndProject
Global
	GlobalSection(SolutionConfigurationPlatforms) = preSolution
		Debug|Any CPU = Debug|Any CPU
		Release|Any CPU = Release|Any CPU
	EndGlobalSection
	GlobalSection(ProjectConfigurationPlatforms) = postSolution
		{0A12952D-DEE4-4282-9D9B-BF86068E73AE}.Debug|Any CPU.ActiveCfg = Debug|Any CPU
		{0A12952D-DEE4-4282-9D9B-BF86068E73AE}.Debug|Any CPU.Build.0 = Debug|Any CPU
		{0A12952D-DEE4-4282-9D9B-BF86068E73AE}.Release|Any CPU.ActiveCfg = Release|Any CPU
		{0A12952D-DEE4-4282-9D9B-BF86068E73AE}.Release|Any CPU.Build.0 = Release|Any CPU
		{514C07F8-6350-40E0-93D6-5AA4BEB4EA3A}.Debug|Any CPU.ActiveCfg = Debug|Any CPU
		{514C07F8-6350-40E0-93D6-5AA4BEB4EA3A}.Debug|Any CPU.Build.0 = Debug|Any CPU
		{514C07F8-6350-40E0-93D6-5AA4BEB4EA3A}.Release|Any CPU.ActiveCfg = Release|Any CPU
		{514C07F8-6350-40E0-93D6-5AA4BEB4EA3A}.Release|Any CPU.Build.0 = Release|Any CPU
		{3B5A9279-AFB0-4D49-9B5C-7AD10A9ACBB9}.Debug|Any CPU.ActiveCfg = Debug|Any CPU
		{3B5A9279-AFB0-4D49-9B5C-7AD10A9ACBB9}.Debug|Any CPU.Build.0 = Debug|Any CPU
		{3B5A9279-AFB0-4D49-9B5C-7AD10A9ACBB9}.Release|Any CPU.ActiveCfg = Release|Any CPU
		{3B5A9279-AFB0-4D49-9B5C-7AD10A9ACBB9}.Release|Any CPU.Build.0 = Release|Any CPU
	EndGlobalSection
	GlobalSection(SolutionProperties) = preSolution
		HideSolutionNode = FALSE
	EndGlobalSection
EndGlobal
